
Microsoft Visual Studio Solution File, Format Version 12.00
# Visual Studio Version 16
VisualStudioVersion = 16.0.29324.140
MinimumVisualStudioVersion = 10.0.40219.1
Project("{FAE04EC0-301F-11D3-BF4B-00C04F79EFBC}") = "TODO.Android", "TODO\TODO.Android\TODO.Android.csproj", "{A06160C5-45B9-4839-A1A7-1A77451A7D65}"
EndProject
Project("{FAE04EC0-301F-11D3-BF4B-00C04F79EFBC}") = "TODO.iOS", "TODO\TODO.iOS\TODO.iOS.csproj", "{626F5B8A-2F80-4428-8185-AA9F92ED6429}"
EndProject
Project("{9A19103F-16F7-4668-BE54-9A1E7A4F7556}") = "TODO", "TODO\TODO\TODO.csproj", "{232B01F2-7B94-40EB-8E01-EE2578AC38E2}"
EndProject
Global
	GlobalSection(SolutionConfigurationPlatforms) = preSolution
		Ad-Hoc|Any CPU = Ad-Hoc|Any CPU
		Ad-Hoc|iPhone = Ad-Hoc|iPhone
		Ad-Hoc|iPhoneSimulator = Ad-Hoc|iPhoneSimulator
		AppStore|Any CPU = AppStore|Any CPU
		AppStore|iPhone = AppStore|iPhone
		AppStore|iPhoneSimulator = AppStore|iPhoneSimulator
		Debug|Any CPU = Debug|Any CPU
		Debug|iPhone = Debug|iPhone
		Debug|iPhoneSimulator = Debug|iPhoneSimulator
		Release|Any CPU = Release|Any CPU
		Release|iPhone = Release|iPhone
		Release|iPhoneSimulator = Release|iPhoneSimulator
	EndGlobalSection
	GlobalSection(ProjectConfigurationPlatforms) = postSolution
		{A06160C5-45B9-4839-A1A7-1A77451A7D65}.Ad-Hoc|Any CPU.ActiveCfg = Release|Any CPU
		{A06160C5-45B9-4839-A1A7-1A77451A7D65}.Ad-Hoc|Any CPU.Build.0 = Release|Any CPU
		{A06160C5-45B9-4839-A1A7-1A77451A7D65}.Ad-Hoc|Any CPU.Deploy.0 = Release|Any CPU
		{A06160C5-45B9-4839-A1A7-1A77451A7D65}.Ad-Hoc|iPhone.ActiveCfg = Release|Any CPU
		{A06160C5-45B9-4839-A1A7-1A77451A7D65}.Ad-Hoc|iPhone.Build.0 = Release|Any CPU
		{A06160C5-45B9-4839-A1A7-1A77451A7D65}.Ad-Hoc|iPhone.Deploy.0 = Release|Any CPU
		{A06160C5-45B9-4839-A1A7-1A77451A7D65}.Ad-Hoc|iPhoneSimulator.ActiveCfg = Release|Any CPU
		{A06160C5-45B9-4839-A1A7-1A77451A7D65}.Ad-Hoc|iPhoneSimulator.Build.0 = Release|Any CPU
		{A06160C5-45B9-4839-A1A7-1A77451A7D65}.Ad-Hoc|iPhoneSimulator.Deploy.0 = Release|Any CPU
		{A06160C5-45B9-4839-A1A7-1A77451A7D65}.AppStore|Any CPU.ActiveCfg = Release|Any CPU
		{A06160C5-45B9-4839-A1A7-1A77451A7D65}.AppStore|Any CPU.Build.0 = Release|Any CPU
		{A06160C5-45B9-4839-A1A7-1A77451A7D65}.AppStore|Any CPU.Deploy.0 = Release|Any CPU
		{A06160C5-45B9-4839-A1A7-1A77451A7D65}.AppStore|iPhone.ActiveCfg = Release|Any CPU
		{A06160C5-45B9-4839-A1A7-1A77451A7D65}.AppStore|iPhone.Build.0 = Release|Any CPU
		{A06160C5-45B9-4839-A1A7-1A77451A7D65}.AppStore|iPhone.Deploy.0 = Release|Any CPU
		{A06160C5-45B9-4839-A1A7-1A77451A7D65}.AppStore|iPhoneSimulator.ActiveCfg = Release|Any CPU
		{A06160C5-45B9-4839-A1A7-1A77451A7D65}.AppStore|iPhoneSimulator.Build.0 = Release|Any CPU
		{A06160C5-45B9-4839-A1A7-1A77451A7D65}.AppStore|iPhoneSimulator.Deploy.0 = Release|Any CPU
		{A06160C5-45B9-4839-A1A7-1A77451A7D65}.Debug|Any CPU.ActiveCfg = Debug|Any CPU
		{A06160C5-45B9-4839-A1A7-1A77451A7D65}.Debug|Any CPU.Build.0 = Debug|Any CPU
		{A06160C5-45B9-4839-A1A7-1A77451A7D65}.Debug|Any CPU.Deploy.0 = Debug|Any CPU
		{A06160C5-45B9-4839-A1A7-1A77451A7D65}.Debug|iPhone.ActiveCfg = Debug|Any CPU
		{A06160C5-45B9-4839-A1A7-1A77451A7D65}.Debug|iPhone.Build.0 = Debug|Any CPU
		{A06160C5-45B9-4839-A1A7-1A77451A7D65}.Debug|iPhone.Deploy.0 = Debug|Any CPU
		{A06160C5-45B9-4839-A1A7-1A77451A7D65}.Debug|iPhoneSimulator.ActiveCfg = Debug|Any CPU
		{A06160C5-45B9-4839-A1A7-1A77451A7D65}.Debug|iPhoneSimulator.Build.0 = Debug|Any CPU
		{A06160C5-45B9-4839-A1A7-1A77451A7D65}.Debug|iPhoneSimulator.Deploy.0 = Debug|Any CPU
		{A06160C5-45B9-4839-A1A7-1A77451A7D65}.Release|Any CPU.ActiveCfg = Release|Any CPU
		{A06160C5-45B9-4839-A1A7-1A77451A7D65}.Release|Any CPU.Build.0 = Release|Any CPU
		{A06160C5-45B9-4839-A1A7-1A77451A7D65}.Release|Any CPU.Deploy.0 = Release|Any CPU
		{A06160C5-45B9-4839-A1A7-1A77451A7D65}.Release|iPhone.ActiveCfg = Release|Any CPU
		{A06160C5-45B9-4839-A1A7-1A77451A7D65}.Release|iPhone.Build.0 = Release|Any CPU
		{A06160C5-45B9-4839-A1A7-1A77451A7D65}.Release|iPhone.Deploy.0 = Release|Any CPU
		{A06160C5-45B9-4839-A1A7-1A77451A7D65}.Release|iPhoneSimulator.ActiveCfg = Release|Any CPU
		{A06160C5-45B9-4839-A1A7-1A77451A7D65}.Release|iPhoneSimulator.Build.0 = Release|Any CPU
		{A06160C5-45B9-4839-A1A7-1A77451A7D65}.Release|iPhoneSimulator.Deploy.0 = Release|Any CPU
		{626F5B8A-2F80-4428-8185-AA9F92ED6429}.Ad-Hoc|Any CPU.ActiveCfg = Ad-Hoc|iPhone
		{626F5B8A-2F80-4428-8185-AA9F92ED6429}.Ad-Hoc|Any CPU.Build.0 = Ad-Hoc|iPhone
		{626F5B8A-2F80-4428-8185-AA9F92ED6429}.Ad-Hoc|Any CPU.Deploy.0 = Ad-Hoc|iPhone
		{626F5B8A-2F80-4428-8185-AA9F92ED6429}.Ad-Hoc|iPhone.ActiveCfg = Ad-Hoc|iPhone
		{626F5B8A-2F80-4428-8185-AA9F92ED6429}.Ad-Hoc|iPhone.Build.0 = Ad-Hoc|iPhone
		{626F5B8A-2F80-4428-8185-AA9F92ED6429}.Ad-Hoc|iPhone.Deploy.0 = Ad-Hoc|iPhone
		{626F5B8A-2F80-4428-8185-AA9F92ED6429}.Ad-Hoc|iPhoneSimulator.ActiveCfg = Ad-Hoc|iPhoneSimulator
		{626F5B8A-2F80-4428-8185-AA9F92ED6429}.Ad-Hoc|iPhoneSimulator.Build.0 = Ad-Hoc|iPhoneSimulator
		{626F5B8A-2F80-4428-8185-AA9F92ED6429}.Ad-Hoc|iPhoneSimulator.Deploy.0 = Ad-Hoc|iPhoneSimulator
		{626F5B8A-2F80-4428-8185-AA9F92ED6429}.AppStore|Any CPU.ActiveCfg = AppStore|iPhone
		{626F5B8A-2F80-4428-8185-AA9F92ED6429}.AppStore|Any CPU.Build.0 = AppStore|iPhone
		{626F5B8A-2F80-4428-8185-AA9F92ED6429}.AppStore|Any CPU.Deploy.0 = AppStore|iPhone
		{626F5B8A-2F80-4428-8185-AA9F92ED6429}.AppStore|iPhone.ActiveCfg = AppStore|iPhone
		{626F5B8A-2F80-4428-8185-AA9F92ED6429}.AppStore|iPhone.Build.0 = AppStore|iPhone
		{626F5B8A-2F80-4428-8185-AA9F92ED6429}.AppStore|iPhone.Deploy.0 = AppStore|iPhone
		{626F5B8A-2F80-4428-8185-AA9F92ED6429}.AppStore|iPhoneSimulator.ActiveCfg = AppStore|iPhoneSimulator
		{626F5B8A-2F80-4428-8185-AA9F92ED6429}.AppStore|iPhoneSimulator.Build.0 = AppStore|iPhoneSimulator
		{626F5B8A-2F80-4428-8185-AA9F92ED6429}.AppStore|iPhoneSimulator.Deploy.0 = AppStore|iPhoneSimulator
		{626F5B8A-2F80-4428-8185-AA9F92ED6429}.Debug|Any CPU.ActiveCfg = Debug|iPhoneSimulator
		{626F5B8A-2F80-4428-8185-AA9F92ED6429}.Debug|Any CPU.Build.0 = Debug|iPhoneSimulator
		{626F5B8A-2F80-4428-8185-AA9F92ED6429}.Debug|Any CPU.Deploy.0 = Debug|iPhoneSimulator
		{626F5B8A-2F80-4428-8185-AA9F92ED6429}.Debug|iPhone.ActiveCfg = Debug|iPhone
		{626F5B8A-2F80-4428-8185-AA9F92ED6429}.Debug|iPhone.Build.0 = Debug|iPhone
		{626F5B8A-2F80-4428-8185-AA9F92ED6429}.Debug|iPhone.Deploy.0 = Debug|iPhone
		{626F5B8A-2F80-4428-8185-AA9F92ED6429}.Debug|iPhoneSimulator.ActiveCfg = Debug|iPhoneSimulator
		{626F5B8A-2F80-4428-8185-AA9F92ED6429}.Debug|iPhoneSimulator.Build.0 = Debug|iPhoneSimulator
		{626F5B8A-2F80-4428-8185-AA9F92ED6429}.Debug|iPhoneSimulator.Deploy.0 = Debug|iPhoneSimulator
		{626F5B8A-2F80-4428-8185-AA9F92ED6429}.Release|Any CPU.ActiveCfg = Release|iPhone
		{626F5B8A-2F80-4428-8185-AA9F92ED6429}.Release|Any CPU.Build.0 = Release|iPhone
		{626F5B8A-2F80-4428-8185-AA9F92ED6429}.Release|Any CPU.Deploy.0 = Release|iPhone
		{626F5B8A-2F80-4428-8185-AA9F92ED6429}.Release|iPhone.ActiveCfg = Release|iPhone
		{626F5B8A-2F80-4428-8185-AA9F92ED6429}.Release|iPhone.Build.0 = Release|iPhone
		{626F5B8A-2F80-4428-8185-AA9F92ED6429}.Release|iPhone.Deploy.0 = Release|iPhone
		{626F5B8A-2F80-4428-8185-AA9F92ED6429}.Release|iPhoneSimulator.ActiveCfg = Release|iPhoneSimulator
		{626F5B8A-2F80-4428-8185-AA9F92ED6429}.Release|iPhoneSimulator.Build.0 = Release|iPhoneSimulator
		{626F5B8A-2F80-4428-8185-AA9F92ED6429}.Release|iPhoneSimulator.Deploy.0 = Release|iPhoneSimulator
		{232B01F2-7B94-40EB-8E01-EE2578AC38E2}.Ad-Hoc|Any CPU.ActiveCfg = Debug|Any CPU
		{232B01F2-7B94-40EB-8E01-EE2578AC38E2}.Ad-Hoc|Any CPU.Build.0 = Debug|Any CPU
		{232B01F2-7B94-40EB-8E01-EE2578AC38E2}.Ad-Hoc|Any CPU.Deploy.0 = Debug|Any CPU
		{232B01F2-7B94-40EB-8E01-EE2578AC38E2}.Ad-Hoc|iPhone.ActiveCfg = Debug|Any CPU
		{232B01F2-7B94-40EB-8E01-EE2578AC38E2}.Ad-Hoc|iPhone.Build.0 = Debug|Any CPU
		{232B01F2-7B94-40EB-8E01-EE2578AC38E2}.Ad-Hoc|iPhone.Deploy.0 = Debug|Any CPU
		{232B01F2-7B94-40EB-8E01-EE2578AC38E2}.Ad-Hoc|iPhoneSimulator.ActiveCfg = Debug|Any CPU
		{232B01F2-7B94-40EB-8E01-EE2578AC38E2}.Ad-Hoc|iPhoneSimulator.Build.0 = Debug|Any CPU
		{232B01F2-7B94-40EB-8E01-EE2578AC38E2}.Ad-Hoc|iPhoneSimulator.Deploy.0 = Debug|Any CPU
		{232B01F2-7B94-40EB-8E01-EE2578AC38E2}.AppStore|Any CPU.ActiveCfg = Debug|Any CPU
		{232B01F2-7B94-40EB-8E01-EE2578AC38E2}.AppStore|Any CPU.Build.0 = Debug|Any CPU
		{232B01F2-7B94-40EB-8E01-EE2578AC38E2}.AppStore|Any CPU.Deploy.0 = Debug|Any CPU
		{232B01F2-7B94-40EB-8E01-EE2578AC38E2}.AppStore|iPhone.ActiveCfg = Debug|Any CPU
		{232B01F2-7B94-40EB-8E01-EE2578AC38E2}.AppStore|iPhone.Build.0 = Debug|Any CPU
		{232B01F2-7B94-40EB-8E01-EE2578AC38E2}.AppStore|iPhone.Deploy.0 = Debug|Any CPU
		{232B01F2-7B94-40EB-8E01-EE2578AC38E2}.AppStore|iPhoneSimulator.ActiveCfg = Debug|Any CPU
		{232B01F2-7B94-40EB-8E01-EE2578AC38E2}.AppStore|iPhoneSimulator.Build.0 = Debug|Any CPU
		{232B01F2-7B94-40EB-8E01-EE2578AC38E2}.AppStore|iPhoneSimulator.Deploy.0 = Debug|Any CPU
		{232B01F2-7B94-40EB-8E01-EE2578AC38E2}.Debug|Any CPU.ActiveCfg = Debug|Any CPU
		{232B01F2-7B94-40EB-8E01-EE2578AC38E2}.Debug|Any CPU.Build.0 = Debug|Any CPU
		{232B01F2-7B94-40EB-8E01-EE2578AC38E2}.Debug|Any CPU.Deploy.0 = Debug|Any CPU
		{232B01F2-7B94-40EB-8E01-EE2578AC38E2}.Debug|iPhone.ActiveCfg = Debug|Any CPU
		{232B01F2-7B94-40EB-8E01-EE2578AC38E2}.Debug|iPhone.Build.0 = Debug|Any CPU
		{232B01F2-7B94-40EB-8E01-EE2578AC38E2}.Debug|iPhone.Deploy.0 = Debug|Any CPU
		{232B01F2-7B94-40EB-8E01-EE2578AC38E2}.Debug|iPhoneSimulator.ActiveCfg = Debug|Any CPU
		{232B01F2-7B94-40EB-8E01-EE2578AC38E2}.Debug|iPhoneSimulator.Build.0 = Debug|Any CPU
		{232B01F2-7B94-40EB-8E01-EE2578AC38E2}.Debug|iPhoneSimulator.Deploy.0 = Debug|Any CPU
		{232B01F2-7B94-40EB-8E01-EE2578AC38E2}.Release|Any CPU.ActiveCfg = Release|Any CPU
		{232B01F2-7B94-40EB-8E01-EE2578AC38E2}.Release|Any CPU.Build.0 = Release|Any CPU
		{232B01F2-7B94-40EB-8E01-EE2578AC38E2}.Release|Any CPU.Deploy.0 = Release|Any CPU
		{232B01F2-7B94-40EB-8E01-EE2578AC38E2}.Release|iPhone.ActiveCfg = Release|Any CPU
		{232B01F2-7B94-40EB-8E01-EE2578AC38E2}.Release|iPhone.Build.0 = Release|Any CPU
		{232B01F2-7B94-40EB-8E01-EE2578AC38E2}.Release|iPhone.Deploy.0 = Release|Any CPU
		{232B01F2-7B94-40EB-8E01-EE2578AC38E2}.Release|iPhoneSimulator.ActiveCfg = Release|Any CPU
		{232B01F2-7B94-40EB-8E01-EE2578AC38E2}.Release|iPhoneSimulator.Build.0 = Release|Any CPU
		{232B01F2-7B94-40EB-8E01-EE2578AC38E2}.Release|iPhoneSimulator.Deploy.0 = Release|Any CPU
	EndGlobalSection
	GlobalSection(SolutionProperties) = preSolution
		HideSolutionNode = FALSE
	EndGlobalSection
	GlobalSection(ExtensibilityGlobals) = postSolution
		SolutionGuid = {41F26C56-0B41-4693-BE69-9530A6378B2C}
	EndGlobalSection
EndGlobal
